
Microsoft Visual Studio Solution File, Format Version 12.00
# Visual Studio Version 17
VisualStudioVersion = 17.2.32616.157
MinimumVisualStudioVersion = 10.0.40219.1
Project("{FAE04EC0-301F-11D3-BF4B-00C04F79EFBC}") = "onCenter", "onCenter.csproj", "{BFBC5808-1529-42EF-B6B0-754884FBE50D}"
EndProject
Global
	GlobalSection(SolutionConfigurationPlatforms) = preSolution
		Debug|Any CPU = Debug|Any CPU
		Release|Any CPU = Release|Any CPU
	EndGlobalSection
	GlobalSection(ProjectConfigurationPlatforms) = postSolution
		{BFBC5808-1529-42EF-B6B0-754884FBE50D}.Debug|Any CPU.ActiveCfg = Debug|Any CPU
		{BFBC5808-1529-42EF-B6B0-754884FBE50D}.Debug|Any CPU.Build.0 = Debug|Any CPU
		{BFBC5808-1529-42EF-B6B0-754884FBE50D}.Release|Any CPU.ActiveCfg = Release|Any CPU
		{BFBC5808-1529-42EF-B6B0-754884FBE50D}.Release|Any CPU.Build.0 = Release|Any CPU
	EndGlobalSection
	GlobalSection(SolutionProperties) = preSolution
		HideSolutionNode = FALSE
	EndGlobalSection
	GlobalSection(ExtensibilityGlobals) = postSolution
		SolutionGuid = {541C46EE-5542-4AB2-9CFB-90FD96B8EBE7}
	EndGlobalSection
EndGlobal
